
Microsoft Visual Studio Solution File, Format Version 12.00
# Visual Studio Version 17
VisualStudioVersion = 17.6.33829.357
MinimumVisualStudioVersion = 10.0.40219.1
Project("{9A19103F-16F7-4668-BE54-9A1E7A4F7556}") = "CRM.API", "CRM.API\CRM.API.csproj", "{46150C80-8F00-4373-A21A-BB65CA316B7A}"
EndProject
Project("{FAE04EC0-301F-11D3-BF4B-00C04F79EFBC}") = "CRM.DTOs", "CRM.DTOs\CRM.DTOs.csproj", "{E988ECEC-2841-4F30-8332-29B3F80CAC58}"
EndProject
Project("{FAE04EC0-301F-11D3-BF4B-00C04F79EFBC}") = "CRM.AppWebMVC", "CRM.AppWebMVC\CRM.AppWebMVC.csproj", "{6C24406B-71C3-4C97-B536-6BA560580129}"
EndProject
Project("{FAE04EC0-301F-11D3-BF4B-00C04F79EFBC}") = "CRM.AppWebBlazor", "CRM.AppWebBlazor\CRM.AppWebBlazor.csproj", "{ABB506A4-5EAE-475C-8053-D1105E4B163F}"
EndProject
Global
	GlobalSection(SolutionConfigurationPlatforms) = preSolution
		Debug|Any CPU = Debug|Any CPU
		Release|Any CPU = Release|Any CPU
	EndGlobalSection
	GlobalSection(ProjectConfigurationPlatforms) = postSolution
		{46150C80-8F00-4373-A21A-BB65CA316B7A}.Debug|Any CPU.ActiveCfg = Debug|Any CPU
		{46150C80-8F00-4373-A21A-BB65CA316B7A}.Debug|Any CPU.Build.0 = Debug|Any CPU
		{46150C80-8F00-4373-A21A-BB65CA316B7A}.Release|Any CPU.ActiveCfg = Release|Any CPU
		{46150C80-8F00-4373-A21A-BB65CA316B7A}.Release|Any CPU.Build.0 = Release|Any CPU
		{E988ECEC-2841-4F30-8332-29B3F80CAC58}.Debug|Any CPU.ActiveCfg = Debug|Any CPU
		{E988ECEC-2841-4F30-8332-29B3F80CAC58}.Debug|Any CPU.Build.0 = Debug|Any CPU
		{E988ECEC-2841-4F30-8332-29B3F80CAC58}.Release|Any CPU.ActiveCfg = Release|Any CPU
		{E988ECEC-2841-4F30-8332-29B3F80CAC58}.Release|Any CPU.Build.0 = Release|Any CPU
		{6C24406B-71C3-4C97-B536-6BA560580129}.Debug|Any CPU.ActiveCfg = Debug|Any CPU
		{6C24406B-71C3-4C97-B536-6BA560580129}.Debug|Any CPU.Build.0 = Debug|Any CPU
		{6C24406B-71C3-4C97-B536-6BA560580129}.Release|Any CPU.ActiveCfg = Release|Any CPU
		{6C24406B-71C3-4C97-B536-6BA560580129}.Release|Any CPU.Build.0 = Release|Any CPU
		{ABB506A4-5EAE-475C-8053-D1105E4B163F}.Debug|Any CPU.ActiveCfg = Debug|Any CPU
		{ABB506A4-5EAE-475C-8053-D1105E4B163F}.Debug|Any CPU.Build.0 = Debug|Any CPU
		{ABB506A4-5EAE-475C-8053-D1105E4B163F}.Release|Any CPU.ActiveCfg = Release|Any CPU
		{ABB506A4-5EAE-475C-8053-D1105E4B163F}.Release|Any CPU.Build.0 = Release|Any CPU
	EndGlobalSection
	GlobalSection(SolutionProperties) = preSolution
		HideSolutionNode = FALSE
	EndGlobalSection
	GlobalSection(ExtensibilityGlobals) = postSolution
		SolutionGuid = {CDC0A69A-3A8A-4BB4-919A-2AC9E8DF7E2B}
	EndGlobalSection
EndGlobal
